
Microsoft Visual Studio Solution File, Format Version 12.00
# Visual Studio Version 17
VisualStudioVersion = 17.14.36616.10
MinimumVisualStudioVersion = 10.0.40219.1
Project("{2150E333-8FDC-42A3-9474-1A3956D46DE8}") = "Task0", "Task0", "{36D591C7-65C7-A0D1-1CBC-10CDE441BDC8}"
EndProject
Project("{2150E333-8FDC-42A3-9474-1A3956D46DE8}") = "Task1", "Task1", "{B061F02F-37C0-4F29-9E58-102E48C8765B}"
EndProject
Project("{2150E333-8FDC-42A3-9474-1A3956D46DE8}") = "Task2", "Task2", "{1EA9F886-FFCF-4A24-883A-BDDACB571B46}"
EndProject
Project("{2150E333-8FDC-42A3-9474-1A3956D46DE8}") = "Task3", "Task3", "{909E4164-2989-4E45-9D72-B082257A8017}"
EndProject
Project("{2150E333-8FDC-42A3-9474-1A3956D46DE8}") = "Task4", "Task4", "{AC4343B0-F666-42C1-A55B-214EDCEF32A8}"
EndProject
Project("{2150E333-8FDC-42A3-9474-1A3956D46DE8}") = "Task5", "Task5", "{EF52A07A-9948-4B48-9DA8-A7A58B1BC0C3}"
EndProject
Project("{2150E333-8FDC-42A3-9474-1A3956D46DE8}") = "Task6", "Task6", "{29E6F347-5C0C-42B7-AA60-27EAC855334B}"
EndProject
Project("{2150E333-8FDC-42A3-9474-1A3956D46DE8}") = "Task7", "Task7", "{4382E644-E517-4E98-B213-B6AD50408539}"
EndProject
Project("{FAE04EC0-301F-11D3-BF4B-00C04F79EFBC}") = "Tyuiu.MarkovSE.Sprint6.Task0.V2.Lib", "Tyuiu.MarkovSE.Sprint6.Task0.V2.Lib\Tyuiu.MarkovSE.Sprint6.Task0.V2.Lib.csproj", "{D807C762-ACA4-488B-A46B-5B7C540F2AF9}"
EndProject
Project("{FAE04EC0-301F-11D3-BF4B-00C04F79EFBC}") = "Tyuiu.MarkovSE.Sprint6.Task0.V2.Test", "Tyuiu.MarkovSE.Sprint6.Task0.V2.Test\Tyuiu.MarkovSE.Sprint6.Task0.V2.Test.csproj", "{01118E6D-86BC-461F-81B7-86447C0ED5C1}"
EndProject
Project("{FAE04EC0-301F-11D3-BF4B-00C04F79EFBC}") = "Tyuiu.MarkovSE.Sprint6.Task0.V2", "Tyuiu.MarkovSE.Sprint6.Task0.V2\Tyuiu.MarkovSE.Sprint6.Task0.V2.csproj", "{E7FB39D9-DF8F-46A8-A95A-A16834982F06}"
EndProject
Project("{FAE04EC0-301F-11D3-BF4B-00C04F79EFBC}") = "Tyuiu.MarkovSE.Sprint6.Task1.V20.Test", "Tyuiu.MarkovSE.Sprint6.Task1.V20.Test\Tyuiu.MarkovSE.Sprint6.Task1.V20.Test.csproj", "{D94F4502-FF3F-4117-9DB1-84D2AB9A475C}"
EndProject
Project("{FAE04EC0-301F-11D3-BF4B-00C04F79EFBC}") = "Tyuiu.MarkovSE.Sprint6.Task1.V20.Lib", "Tyuiu.MarkovSE.Sprint6.Task1.V20.Lib\Tyuiu.MarkovSE.Sprint6.Task1.V20.Lib.csproj", "{849F5B89-F60A-48B3-BF09-908632F17748}"
EndProject
Project("{FAE04EC0-301F-11D3-BF4B-00C04F79EFBC}") = "Tyuiu.MarkovSE.Sprint6.Task1.V20", "Tyuiu.MarkovSE.Sprint6.Task1.V20\Tyuiu.MarkovSE.Sprint6.Task1.V20.csproj", "{78C79BCE-CE8A-4314-A282-EB2B93974109}"
EndProject
Project("{FAE04EC0-301F-11D3-BF4B-00C04F79EFBC}") = "Tyuiu.MarkovSE.Sprint6.Task2.V29.Lib", "Tyuiu.MarkovSE.Sprint6.Task2.V29.Lib\Tyuiu.MarkovSE.Sprint6.Task2.V29.Lib.csproj", "{44C1CA78-627D-4C5F-B1CF-E1EA74749350}"
EndProject
Project("{FAE04EC0-301F-11D3-BF4B-00C04F79EFBC}") = "Tyuiu.MarkovSE.Sprint6.Task2.V29.Test", "Tyuiu.MarkovSE.Sprint6.Task2.V29.Test\Tyuiu.MarkovSE.Sprint6.Task2.V29.Test.csproj", "{55B5AD64-F79D-48B8-999C-B1CCFF38AA03}"
EndProject
Project("{FAE04EC0-301F-11D3-BF4B-00C04F79EFBC}") = "Tyuiu.MarkovSE.Sprint6.Task2.V29", "Tyuiu.MarkovSE.Sprint6.Task2.V29\Tyuiu.MarkovSE.Sprint6.Task2.V29.csproj", "{877CA690-2E1C-405C-BF4E-59131953E452}"
EndProject
Project("{FAE04EC0-301F-11D3-BF4B-00C04F79EFBC}") = "Tyuiu.MarkovSE.Sprint6.Task3.V24", "Tyuiu.MarkovSE.Sprint6.Task3.V24\Tyuiu.MarkovSE.Sprint6.Task3.V24.csproj", "{A1C7B99B-15B2-4994-9862-4A254D7B73D7}"
EndProject
Project("{FAE04EC0-301F-11D3-BF4B-00C04F79EFBC}") = "Tyuiu.MarkovSE.Sprint6.Task3.V24.Test", "Tyuiu.MarkovSE.Sprint6.Task3.V24.Test\Tyuiu.MarkovSE.Sprint6.Task3.V24.Test.csproj", "{53677682-D957-4AEE-A7E3-EA1ADBF4ECB8}"
EndProject
Project("{FAE04EC0-301F-11D3-BF4B-00C04F79EFBC}") = "Tyuiu.MarkovSE.Sprint6.Task3.V24.Lib", "Tyuiu.MarkovSE.Sprint6.Task3.V24.Lib\Tyuiu.MarkovSE.Sprint6.Task3.V24.Lib.csproj", "{706A1740-0F3F-43FC-9019-A2AE6E387C3B}"
EndProject
Project("{FAE04EC0-301F-11D3-BF4B-00C04F79EFBC}") = "Tyuiu.MarkovSE.Sprint6.Task4.V9.Lib", "Tyuiu.MarkovSE.Sprint6.Task4.V9.Lib\Tyuiu.MarkovSE.Sprint6.Task4.V9.Lib.csproj", "{9612BA1A-A126-4184-BD98-1218D6B2A5C5}"
EndProject
Project("{FAE04EC0-301F-11D3-BF4B-00C04F79EFBC}") = "Tyuiu.MarkovSE.Sprint6.Task4.V9.Test", "Tyuiu.MarkovSE.Sprint6.Task4.V9.Test\Tyuiu.MarkovSE.Sprint6.Task4.V9.Test.csproj", "{8CD2C696-48E9-4E4B-A61C-9612B60E2F02}"
EndProject
Project("{FAE04EC0-301F-11D3-BF4B-00C04F79EFBC}") = "Tyuiu.MarkovSE.Sprint6.Task4.V9", "Tyuiu.MarkovSE.Sprint6.Task4.V9\Tyuiu.MarkovSE.Sprint6.Task4.V9.csproj", "{ADD3D0B9-5F3E-4A7C-AF16-59A9E3E7524B}"
EndProject
Global
	GlobalSection(SolutionConfigurationPlatforms) = preSolution
		Debug|Any CPU = Debug|Any CPU
		Release|Any CPU = Release|Any CPU
	EndGlobalSection
	GlobalSection(ProjectConfigurationPlatforms) = postSolution
		{D807C762-ACA4-488B-A46B-5B7C540F2AF9}.Debug|Any CPU.ActiveCfg = Debug|Any CPU
		{D807C762-ACA4-488B-A46B-5B7C540F2AF9}.Debug|Any CPU.Build.0 = Debug|Any CPU
		{D807C762-ACA4-488B-A46B-5B7C540F2AF9}.Release|Any CPU.ActiveCfg = Release|Any CPU
		{D807C762-ACA4-488B-A46B-5B7C540F2AF9}.Release|Any CPU.Build.0 = Release|Any CPU
		{01118E6D-86BC-461F-81B7-86447C0ED5C1}.Debug|Any CPU.ActiveCfg = Debug|Any CPU
		{01118E6D-86BC-461F-81B7-86447C0ED5C1}.Debug|Any CPU.Build.0 = Debug|Any CPU
		{01118E6D-86BC-461F-81B7-86447C0ED5C1}.Release|Any CPU.ActiveCfg = Release|Any CPU
		{01118E6D-86BC-461F-81B7-86447C0ED5C1}.Release|Any CPU.Build.0 = Release|Any CPU
		{E7FB39D9-DF8F-46A8-A95A-A16834982F06}.Debug|Any CPU.ActiveCfg = Debug|Any CPU
		{E7FB39D9-DF8F-46A8-A95A-A16834982F06}.Debug|Any CPU.Build.0 = Debug|Any CPU
		{E7FB39D9-DF8F-46A8-A95A-A16834982F06}.Release|Any CPU.ActiveCfg = Release|Any CPU
		{E7FB39D9-DF8F-46A8-A95A-A16834982F06}.Release|Any CPU.Build.0 = Release|Any CPU
		{D94F4502-FF3F-4117-9DB1-84D2AB9A475C}.Debug|Any CPU.ActiveCfg = Debug|Any CPU
		{D94F4502-FF3F-4117-9DB1-84D2AB9A475C}.Debug|Any CPU.Build.0 = Debug|Any CPU
		{D94F4502-FF3F-4117-9DB1-84D2AB9A475C}.Release|Any CPU.ActiveCfg = Release|Any CPU
		{D94F4502-FF3F-4117-9DB1-84D2AB9A475C}.Release|Any CPU.Build.0 = Release|Any CPU
		{849F5B89-F60A-48B3-BF09-908632F17748}.Debug|Any CPU.ActiveCfg = Debug|Any CPU
		{849F5B89-F60A-48B3-BF09-908632F17748}.Debug|Any CPU.Build.0 = Debug|Any CPU
		{849F5B89-F60A-48B3-BF09-908632F17748}.Release|Any CPU.ActiveCfg = Release|Any CPU
		{849F5B89-F60A-48B3-BF09-908632F17748}.Release|Any CPU.Build.0 = Release|Any CPU
		{78C79BCE-CE8A-4314-A282-EB2B93974109}.Debug|Any CPU.ActiveCfg = Debug|Any CPU
		{78C79BCE-CE8A-4314-A282-EB2B93974109}.Debug|Any CPU.Build.0 = Debug|Any CPU
		{78C79BCE-CE8A-4314-A282-EB2B93974109}.Release|Any CPU.ActiveCfg = Release|Any CPU
		{78C79BCE-CE8A-4314-A282-EB2B93974109}.Release|Any CPU.Build.0 = Release|Any CPU
		{44C1CA78-627D-4C5F-B1CF-E1EA74749350}.Debug|Any CPU.ActiveCfg = Debug|Any CPU
		{44C1CA78-627D-4C5F-B1CF-E1EA74749350}.Debug|Any CPU.Build.0 = Debug|Any CPU
		{44C1CA78-627D-4C5F-B1CF-E1EA74749350}.Release|Any CPU.ActiveCfg = Release|Any CPU
		{44C1CA78-627D-4C5F-B1CF-E1EA74749350}.Release|Any CPU.Build.0 = Release|Any CPU
		{55B5AD64-F79D-48B8-999C-B1CCFF38AA03}.Debug|Any CPU.ActiveCfg = Debug|Any CPU
		{55B5AD64-F79D-48B8-999C-B1CCFF38AA03}.Debug|Any CPU.Build.0 = Debug|Any CPU
		{55B5AD64-F79D-48B8-999C-B1CCFF38AA03}.Release|Any CPU.ActiveCfg = Release|Any CPU
		{55B5AD64-F79D-48B8-999C-B1CCFF38AA03}.Release|Any CPU.Build.0 = Release|Any CPU
		{877CA690-2E1C-405C-BF4E-59131953E452}.Debug|Any CPU.ActiveCfg = Debug|Any CPU
		{877CA690-2E1C-405C-BF4E-59131953E452}.Debug|Any CPU.Build.0 = Debug|Any CPU
		{877CA690-2E1C-405C-BF4E-59131953E452}.Release|Any CPU.ActiveCfg = Release|Any CPU
		{877CA690-2E1C-405C-BF4E-59131953E452}.Release|Any CPU.Build.0 = Release|Any CPU
		{A1C7B99B-15B2-4994-9862-4A254D7B73D7}.Debug|Any CPU.ActiveCfg = Debug|Any CPU
		{A1C7B99B-15B2-4994-9862-4A254D7B73D7}.Debug|Any CPU.Build.0 = Debug|Any CPU
		{A1C7B99B-15B2-4994-9862-4A254D7B73D7}.Release|Any CPU.ActiveCfg = Release|Any CPU
		{A1C7B99B-15B2-4994-9862-4A254D7B73D7}.Release|Any CPU.Build.0 = Release|Any CPU
		{53677682-D957-4AEE-A7E3-EA1ADBF4ECB8}.Debug|Any CPU.ActiveCfg = Debug|Any CPU
		{53677682-D957-4AEE-A7E3-EA1ADBF4ECB8}.Debug|Any CPU.Build.0 = Debug|Any CPU
		{53677682-D957-4AEE-A7E3-EA1ADBF4ECB8}.Release|Any CPU.ActiveCfg = Release|Any CPU
		{53677682-D957-4AEE-A7E3-EA1ADBF4ECB8}.Release|Any CPU.Build.0 = Release|Any CPU
		{706A1740-0F3F-43FC-9019-A2AE6E387C3B}.Debug|Any CPU.ActiveCfg = Debug|Any CPU
		{706A1740-0F3F-43FC-9019-A2AE6E387C3B}.Debug|Any CPU.Build.0 = Debug|Any CPU
		{706A1740-0F3F-43FC-9019-A2AE6E387C3B}.Release|Any CPU.ActiveCfg = Release|Any CPU
		{706A1740-0F3F-43FC-9019-A2AE6E387C3B}.Release|Any CPU.Build.0 = Release|Any CPU
		{9612BA1A-A126-4184-BD98-1218D6B2A5C5}.Debug|Any CPU.ActiveCfg = Debug|Any CPU
		{9612BA1A-A126-4184-BD98-1218D6B2A5C5}.Debug|Any CPU.Build.0 = Debug|Any CPU
		{9612BA1A-A126-4184-BD98-1218D6B2A5C5}.Release|Any CPU.ActiveCfg = Release|Any CPU
		{9612BA1A-A126-4184-BD98-1218D6B2A5C5}.Release|Any CPU.Build.0 = Release|Any CPU
		{8CD2C696-48E9-4E4B-A61C-9612B60E2F02}.Debug|Any CPU.ActiveCfg = Debug|Any CPU
		{8CD2C696-48E9-4E4B-A61C-9612B60E2F02}.Debug|Any CPU.Build.0 = Debug|Any CPU
		{8CD2C696-48E9-4E4B-A61C-9612B60E2F02}.Release|Any CPU.ActiveCfg = Release|Any CPU
		{8CD2C696-48E9-4E4B-A61C-9612B60E2F02}.Release|Any CPU.Build.0 = Release|Any CPU
		{ADD3D0B9-5F3E-4A7C-AF16-59A9E3E7524B}.Debug|Any CPU.ActiveCfg = Debug|Any CPU
		{ADD3D0B9-5F3E-4A7C-AF16-59A9E3E7524B}.Debug|Any CPU.Build.0 = Debug|Any CPU
		{ADD3D0B9-5F3E-4A7C-AF16-59A9E3E7524B}.Release|Any CPU.ActiveCfg = Release|Any CPU
		{ADD3D0B9-5F3E-4A7C-AF16-59A9E3E7524B}.Release|Any CPU.Build.0 = Release|Any CPU
	EndGlobalSection
	GlobalSection(SolutionProperties) = preSolution
		HideSolutionNode = FALSE
	EndGlobalSection
	GlobalSection(NestedProjects) = preSolution
		{D807C762-ACA4-488B-A46B-5B7C540F2AF9} = {36D591C7-65C7-A0D1-1CBC-10CDE441BDC8}
		{01118E6D-86BC-461F-81B7-86447C0ED5C1} = {36D591C7-65C7-A0D1-1CBC-10CDE441BDC8}
		{E7FB39D9-DF8F-46A8-A95A-A16834982F06} = {36D591C7-65C7-A0D1-1CBC-10CDE441BDC8}
		{D94F4502-FF3F-4117-9DB1-84D2AB9A475C} = {B061F02F-37C0-4F29-9E58-102E48C8765B}
		{849F5B89-F60A-48B3-BF09-908632F17748} = {B061F02F-37C0-4F29-9E58-102E48C8765B}
		{78C79BCE-CE8A-4314-A282-EB2B93974109} = {B061F02F-37C0-4F29-9E58-102E48C8765B}
		{44C1CA78-627D-4C5F-B1CF-E1EA74749350} = {1EA9F886-FFCF-4A24-883A-BDDACB571B46}
		{55B5AD64-F79D-48B8-999C-B1CCFF38AA03} = {1EA9F886-FFCF-4A24-883A-BDDACB571B46}
		{877CA690-2E1C-405C-BF4E-59131953E452} = {1EA9F886-FFCF-4A24-883A-BDDACB571B46}
		{A1C7B99B-15B2-4994-9862-4A254D7B73D7} = {909E4164-2989-4E45-9D72-B082257A8017}
		{53677682-D957-4AEE-A7E3-EA1ADBF4ECB8} = {909E4164-2989-4E45-9D72-B082257A8017}
		{706A1740-0F3F-43FC-9019-A2AE6E387C3B} = {909E4164-2989-4E45-9D72-B082257A8017}
		{9612BA1A-A126-4184-BD98-1218D6B2A5C5} = {AC4343B0-F666-42C1-A55B-214EDCEF32A8}
		{8CD2C696-48E9-4E4B-A61C-9612B60E2F02} = {AC4343B0-F666-42C1-A55B-214EDCEF32A8}
		{ADD3D0B9-5F3E-4A7C-AF16-59A9E3E7524B} = {AC4343B0-F666-42C1-A55B-214EDCEF32A8}
	EndGlobalSection
	GlobalSection(ExtensibilityGlobals) = postSolution
		SolutionGuid = {2BDC2864-CB20-4C43-9540-FB4D877DB3E4}
	EndGlobalSection
EndGlobal
